{
  "nodes": {
    "blobs": {
      "flake": false,
      "locked": {
        "lastModified": 1604995301,
        "narHash": "sha256-wcLzgLec6SGJA8fx1OEN1yV/Py5b+U5iyYpksUY/yLw=",
        "owner": "simple-nixos-mailserver",
        "repo": "blobs",
        "rev": "2cccdf1ca48316f2cfd1c9a0017e8de5a7156265",
        "type": "gitlab"
      },
      "original": {
        "owner": "simple-nixos-mailserver",
        "repo": "blobs",
        "type": "gitlab"
      }
    },
    "clan-core": {
      "inputs": {
        "data-mesher": "data-mesher",
        "disko": "disko",
        "flake-parts": "flake-parts",
        "nix-darwin": "nix-darwin",
        "nix-select": "nix-select",
        "nixpkgs": "nixpkgs",
        "sops-nix": "sops-nix",
        "systems": "systems",
        "treefmt-nix": "treefmt-nix"
      },
      "locked": {
        "lastModified": 1781345219,
        "narHash": "sha256-AAtmlHKDfmkuwNz0fixUsOgR3Qo39IIE2uKvojbf4kY=",
        "rev": "ba81e72e055d01ad016f58678c59b978c3f0cb0d",
        "type": "tarball",
        "url": "https://git.clan.lol/api/v1/repos/clan/clan-core/archive/ba81e72e055d01ad016f58678c59b978c3f0cb0d.tar.gz"
      },
      "original": {
        "type": "tarball",
        "url": "https://git.clan.lol/clan/clan-core/archive/main.tar.gz"
      }
    },
    "data-mesher": {
      "inputs": {
        "flake-parts": [
          "clan-core",
          "flake-parts"
        ],
        "nixpkgs": [
          "clan-core",
          "nixpkgs"
        ],
        "treefmt-nix": [
          "clan-core",
          "treefmt-nix"
        ]
      },
      "locked": {
        "lastModified": 1778718524,
        "narHash": "sha256-pXLoI6Ax0EnUK6r34UM1vibVC7CfTu6j72R2692ZzPs=",
        "rev": "12c552ad547d87254f33f33bddd1a2cdbeac754d",
        "type": "tarball",
        "url": "https://git.clan.lol/api/v1/repos/clan/data-mesher/archive/12c552ad547d87254f33f33bddd1a2cdbeac754d.tar.gz"
      },
      "original": {
        "type": "tarball",
        "url": "https://git.clan.lol/clan/data-mesher/archive/main.tar.gz"
      }
    },
    "devshell": {
      "inputs": {
        "nixpkgs": "nixpkgs_2"
      },
      "locked": {
        "lastModified": 1768818222,
        "narHash": "sha256-460jc0+CZfyaO8+w8JNtlClB2n4ui1RbHfPTLkpwhU8=",
        "owner": "numtide",
        "repo": "devshell",
        "rev": "255a2b1725a20d060f566e4755dbf571bbbb5f76",
        "type": "github"
      },
      "original": {
        "owner": "numtide",
        "repo": "devshell",
        "type": "github"
      }
    },
    "disko": {
      "inputs": {
        "nixpkgs": [
          "clan-core",
          "nixpkgs"
        ]
      },
      "locked": {
        "lastModified": 1781152676,
        "narHash": "sha256-RxWs5ND31KzTG7wvMM+PMfUjyNpmIEr999lqNARaM5o=",
        "owner": "nix-community",
        "repo": "disko",
        "rev": "ff8702b4de27f72b4c78573dfb89ec74e36abdf1",
        "type": "github"
      },
      "original": {
        "owner": "nix-community",
        "repo": "disko",
        "type": "github"
      }
    },
    "flake-compat": {
      "flake": false,
      "locked": {
        "lastModified": 1767039857,
        "narHash": "sha256-vNpUSpF5Nuw8xvDLj2KCwwksIbjua2LZCqhV1LNRDns=",
        "owner": "NixOS",
        "repo": "flake-compat",
        "rev": "5edf11c44bc78a0d334f6334cdaf7d60d732daab",
        "type": "github"
      },
      "original": {
        "owner": "NixOS",
        "repo": "flake-compat",
        "type": "github"
      }
    },
    "flake-parts": {
      "inputs": {
        "nixpkgs-lib": [
          "clan-core",
          "nixpkgs"
        ]
      },
      "locked": {
        "lastModified": 1778716662,
        "narHash": "sha256-m1Yf0wZ8j1OHjTc2UwHwyQRSnNeSgLJOd7q5Y45hzi4=",
        "owner": "hercules-ci",
        "repo": "flake-parts",
        "rev": "f7c1a2d347e4c52d5fb8d10cb4d94b5884e546fb",
        "type": "github"
      },
      "original": {
        "owner": "hercules-ci",
        "repo": "flake-parts",
        "type": "github"
      }
    },
    "flake-parts_2": {
      "inputs": {
        "nixpkgs-lib": "nixpkgs-lib"
      },
      "locked": {
        "lastModified": 1778716662,
        "narHash": "sha256-m1Yf0wZ8j1OHjTc2UwHwyQRSnNeSgLJOd7q5Y45hzi4=",
        "owner": "hercules-ci",
        "repo": "flake-parts",
        "rev": "f7c1a2d347e4c52d5fb8d10cb4d94b5884e546fb",
        "type": "github"
      },
      "original": {
        "owner": "hercules-ci",
        "repo": "flake-parts",
        "type": "github"
      }
    },
    "generate-go-sri": {
      "inputs": {
        "nixpkgs": "nixpkgs_3",
        "tailscale": "tailscale"
      },
      "locked": {
        "lastModified": 1757686793,
        "narHash": "sha256-1VcFAVY+BsKn3fiOObrKjZG5hb/k52B7BxB/JHwyxVo=",
        "owner": "antifuchs",
        "repo": "generate-go-sri",
        "rev": "1ce154eed2fa99ed747a274bbe70ad66666612da",
        "type": "github"
      },
      "original": {
        "owner": "antifuchs",
        "repo": "generate-go-sri",
        "type": "github"
      }
    },
    "git-hooks": {
      "inputs": {
        "flake-compat": [
          "nixos-mailserver",
          "flake-compat"
        ],
        "gitignore": "gitignore",
        "nixpkgs": [
          "nixos-mailserver",
          "nixpkgs"
        ]
      },
      "locked": {
        "lastModified": 1778507602,
        "narHash": "sha256-kTwur1wV+01SdqskVMSo6JMEpg71ps3HpbFY2GsflKs=",
        "owner": "cachix",
        "repo": "git-hooks.nix",
        "rev": "61ab0e80d9c7ab14c256b5b453d8b3fb0189ba0a",
        "type": "github"
      },
      "original": {
        "owner": "cachix",
        "repo": "git-hooks.nix",
        "type": "github"
      }
    },
    "gitignore": {
      "inputs": {
        "nixpkgs": [
          "nixos-mailserver",
          "git-hooks",
          "nixpkgs"
        ]
      },
      "locked": {
        "lastModified": 1709087332,
        "narHash": "sha256-HG2cCnktfHsKV0s4XW83gU3F57gaTljL9KNSuG6bnQs=",
        "owner": "hercules-ci",
        "repo": "gitignore.nix",
        "rev": "637db329424fd7e46cf4185293b9cc8c88c95394",
        "type": "github"
      },
      "original": {
        "owner": "hercules-ci",
        "repo": "gitignore.nix",
        "type": "github"
      }
    },
    "hoopsnake": {
      "inputs": {
        "devshell": "devshell",
        "flake-parts": "flake-parts_2",
        "generate-go-sri": "generate-go-sri",
        "nixpkgs": [
          "clan-core",
          "nixpkgs"
        ]
      },
      "locked": {
        "lastModified": 1779277605,
        "narHash": "sha256-cJ3ZOSqQA5SpbRKoQy/dJtNiOXU1InSXA93hohd1TJo=",
        "owner": "boinkor-net",
        "repo": "hoopsnake",
        "rev": "35959ec562da1d591fd4c19b8cd85ad74c8f7cfb",
        "type": "github"
      },
      "original": {
        "owner": "boinkor-net",
        "repo": "hoopsnake",
        "type": "github"
      }
    },
    "nix-darwin": {
      "inputs": {
        "nixpkgs": [
          "clan-core",
          "nixpkgs"
        ]
      },
      "locked": {
        "lastModified": 1781242433,
        "narHash": "sha256-bchLZZ3sRn740zyvD2icZSnNoTaanN0nw7l6fjVXO+E=",
        "owner": "nix-darwin",
        "repo": "nix-darwin",
        "rev": "aabb2037edfc0f210723b72cd5f528aab5dd3f0b",
        "type": "github"
      },
      "original": {
        "owner": "nix-darwin",
        "repo": "nix-darwin",
        "type": "github"
      }
    },
    "nix-select": {
      "locked": {
        "lastModified": 1763303120,
        "narHash": "sha256-yxcNOha7Cfv2nhVpz9ZXSNKk0R7wt4AiBklJ8D24rVg=",
        "rev": "3d1e3860bef36857a01a2ddecba7cdb0a14c35a9",
        "type": "tarball",
        "url": "https://git.clan.lol/api/v1/repos/clan/nix-select/archive/3d1e3860bef36857a01a2ddecba7cdb0a14c35a9.tar.gz"
      },
      "original": {
        "type": "tarball",
        "url": "https://git.clan.lol/clan/nix-select/archive/main.tar.gz"
      }
    },
    "nixos-mailserver": {
      "inputs": {
        "blobs": "blobs",
        "flake-compat": "flake-compat",
        "git-hooks": "git-hooks",
        "nixpkgs": [
          "clan-core",
          "nixpkgs"
        ]
      },
      "locked": {
        "lastModified": 1781300555,
        "narHash": "sha256-anhcFNgXdTEe1KPBAHvxLxDzjEbrt+YZ2O4tfq3WiRA=",
        "owner": "simple-nixos-mailserver",
        "repo": "nixos-mailserver",
        "rev": "51726d7b7fd94aa69829fd42749a803914cbf3b7",
        "type": "gitlab"
      },
      "original": {
        "owner": "simple-nixos-mailserver",
        "repo": "nixos-mailserver",
        "type": "gitlab"
      }
    },
    "nixpkgs": {
      "locked": {
        "lastModified": 1780747962,
        "narHash": "sha256-d86UGSjwACWRttincQzeiAEZYVPtP3kODhr9hYZD4e8=",
        "rev": "cbb5cf358f50aa6acc9efd6113b7bcfbc352cd73",
        "type": "tarball",
        "url": "https://releases.nixos.org/nixpkgs/nixpkgs-26.11pre1011620.cbb5cf358f50/nixexprs.tar.xz"
      },
      "original": {
        "type": "tarball",
        "url": "https://nixos.org/channels/nixpkgs-unstable/nixexprs.tar.xz"
      }
    },
    "nixpkgs-lib": {
      "locked": {
        "lastModified": 1777168982,
        "narHash": "sha256-GOkGPcboWE9BmGCRMLX3worL4EMnsnG8MyKmXNeYuhQ=",
        "owner": "nix-community",
        "repo": "nixpkgs.lib",
        "rev": "f5901329dade4a6ea039af1433fb087bd9c1fe14",
        "type": "github"
      },
      "original": {
        "owner": "nix-community",
        "repo": "nixpkgs.lib",
        "type": "github"
      }
    },
    "nixpkgs_2": {
      "locked": {
        "lastModified": 1762156382,
        "narHash": "sha256-Yg7Ag7ov5+36jEFC1DaZh/12SEXo6OO3/8rqADRxiqs=",
        "owner": "NixOS",
        "repo": "nixpkgs",
        "rev": "7241bcbb4f099a66aafca120d37c65e8dda32717",
        "type": "github"
      },
      "original": {
        "owner": "NixOS",
        "ref": "nixpkgs-unstable",
        "repo": "nixpkgs",
        "type": "github"
      }
    },
    "nixpkgs_3": {
      "locked": {
        "lastModified": 1757584362,
        "narHash": "sha256-XeTX/w16rUNUNBsfaOVCDoMMa7Xu7KvIMT7tn1zIEcg=",
        "owner": "NixOS",
        "repo": "nixpkgs",
        "rev": "d33e926c80e6521a55da380a4c4c44a7462af405",
        "type": "github"
      },
      "original": {
        "owner": "NixOS",
        "ref": "nixpkgs-unstable",
        "repo": "nixpkgs",
        "type": "github"
      }
    },
    "root": {
      "inputs": {
        "clan-core": "clan-core",
        "hoopsnake": "hoopsnake",
        "nixos-mailserver": "nixos-mailserver",
        "nixpkgs": [
          "clan-core",
          "nixpkgs"
        ]
      }
    },
    "sops-nix": {
      "inputs": {
        "nixpkgs": [
          "clan-core",
          "nixpkgs"
        ]
      },
      "locked": {
        "lastModified": 1780547341,
        "narHash": "sha256-Gq8KNx5A7hBB3uGJaj6eQfLDIz5YdLu92gqBcvHvoUo=",
        "owner": "Mic92",
        "repo": "sops-nix",
        "rev": "9ed65852b6257fbeae4355bc24ecfea307ca759a",
        "type": "github"
      },
      "original": {
        "owner": "Mic92",
        "repo": "sops-nix",
        "type": "github"
      }
    },
    "systems": {
      "locked": {
        "lastModified": 1774449309,
        "narHash": "sha256-brhZ8DmuGtzkCYHJg4HEd602amKm89Y9ytsFZ5uWD1w=",
        "owner": "nix-systems",
        "repo": "default",
        "rev": "c29398b59d2048c4ab79345812849c9bd15e9150",
        "type": "github"
      },
      "original": {
        "owner": "nix-systems",
        "ref": "future-26.11",
        "repo": "default",
        "type": "github"
      }
    },
    "tailscale": {
      "flake": false,
      "locked": {
        "lastModified": 1757355219,
        "narHash": "sha256-rrT/oOkdMcSfSL45Lt87cL8rxt7MUbMs/ziL9O7hmOE=",
        "owner": "tailscale",
        "repo": "tailscale",
        "rev": "2da52dce7aba5150b7b9e637b9fb0d7307fed916",
        "type": "github"
      },
      "original": {
        "owner": "tailscale",
        "repo": "tailscale",
        "rev": "2da52dce7aba5150b7b9e637b9fb0d7307fed916",
        "type": "github"
      }
    },
    "treefmt-nix": {
      "inputs": {
        "nixpkgs": [
          "clan-core",
          "nixpkgs"
        ]
      },
      "locked": {
        "lastModified": 1780220602,
        "narHash": "sha256-eynAfOmbmxJnkp7YewvCEbShNnnYJ9gLLqkzsYtBPeM=",
        "owner": "numtide",
        "repo": "treefmt-nix",
        "rev": "db947814a175b7ca6ded66e21383d938df01c227",
        "type": "github"
      },
      "original": {
        "owner": "numtide",
        "repo": "treefmt-nix",
        "type": "github"
      }
    }
  },
  "root": "root",
  "version": 7
}
